
Microsoft Visual Studio Solution File, Format Version 12.00
# Visual Studio Version 17
VisualStudioVersion = 17.0.31903.59
MinimumVisualStudioVersion = 10.0.40219.1
Project("{FAE04EC0-301F-11D3-BF4B-00C04F79EFBC}") = "Valency.Chatt.Server", "Valency.Chatt.Server\Valency.Chatt.Server.csproj", "{2C11F8C1-C3BF-4E48-8028-DA4FC3C47F60}"
EndProject
Project("{FAE04EC0-301F-11D3-BF4B-00C04F79EFBC}") = "Valency.Chatt.Core", "Valency.Chatt.Core\Valency.Chatt.Core.csproj", "{A00C0C4A-FD56-4B01-AA7C-359A47ED3CB3}"
EndProject
Project("{FAE04EC0-301F-11D3-BF4B-00C04F79EFBC}") = "Valency.Chatt.Client", "Valency.Chatt.Client\Valency.Chatt.Client.csproj", "{65C905D1-EE61-49D7-A488-70C30CD570CD}"
EndProject
Global
	GlobalSection(SolutionConfigurationPlatforms) = preSolution
		Debug|Any CPU = Debug|Any CPU
		Debug|x64 = Debug|x64
		Debug|x86 = Debug|x86
		Release|Any CPU = Release|Any CPU
		Release|x64 = Release|x64
		Release|x86 = Release|x86
	EndGlobalSection
	GlobalSection(ProjectConfigurationPlatforms) = postSolution
		{2C11F8C1-C3BF-4E48-8028-DA4FC3C47F60}.Debug|Any CPU.ActiveCfg = Debug|Any CPU
		{2C11F8C1-C3BF-4E48-8028-DA4FC3C47F60}.Debug|Any CPU.Build.0 = Debug|Any CPU
		{2C11F8C1-C3BF-4E48-8028-DA4FC3C47F60}.Debug|x64.ActiveCfg = Debug|Any CPU
		{2C11F8C1-C3BF-4E48-8028-DA4FC3C47F60}.Debug|x64.Build.0 = Debug|Any CPU
		{2C11F8C1-C3BF-4E48-8028-DA4FC3C47F60}.Debug|x86.ActiveCfg = Debug|Any CPU
		{2C11F8C1-C3BF-4E48-8028-DA4FC3C47F60}.Debug|x86.Build.0 = Debug|Any CPU
		{2C11F8C1-C3BF-4E48-8028-DA4FC3C47F60}.Release|Any CPU.ActiveCfg = Release|Any CPU
		{2C11F8C1-C3BF-4E48-8028-DA4FC3C47F60}.Release|Any CPU.Build.0 = Release|Any CPU
		{2C11F8C1-C3BF-4E48-8028-DA4FC3C47F60}.Release|x64.ActiveCfg = Release|Any CPU
		{2C11F8C1-C3BF-4E48-8028-DA4FC3C47F60}.Release|x64.Build.0 = Release|Any CPU
		{2C11F8C1-C3BF-4E48-8028-DA4FC3C47F60}.Release|x86.ActiveCfg = Release|Any CPU
		{2C11F8C1-C3BF-4E48-8028-DA4FC3C47F60}.Release|x86.Build.0 = Release|Any CPU
		{A00C0C4A-FD56-4B01-AA7C-359A47ED3CB3}.Debug|Any CPU.ActiveCfg = Debug|Any CPU
		{A00C0C4A-FD56-4B01-AA7C-359A47ED3CB3}.Debug|Any CPU.Build.0 = Debug|Any CPU
		{A00C0C4A-FD56-4B01-AA7C-359A47ED3CB3}.Debug|x64.ActiveCfg = Debug|Any CPU
		{A00C0C4A-FD56-4B01-AA7C-359A47ED3CB3}.Debug|x64.Build.0 = Debug|Any CPU
		{A00C0C4A-FD56-4B01-AA7C-359A47ED3CB3}.Debug|x86.ActiveCfg = Debug|Any CPU
		{A00C0C4A-FD56-4B01-AA7C-359A47ED3CB3}.Debug|x86.Build.0 = Debug|Any CPU
		{A00C0C4A-FD56-4B01-AA7C-359A47ED3CB3}.Release|Any CPU.ActiveCfg = Release|Any CPU
		{A00C0C4A-FD56-4B01-AA7C-359A47ED3CB3}.Release|Any CPU.Build.0 = Release|Any CPU
		{A00C0C4A-FD56-4B01-AA7C-359A47ED3CB3}.Release|x64.ActiveCfg = Release|Any CPU
		{A00C0C4A-FD56-4B01-AA7C-359A47ED3CB3}.Release|x64.Build.0 = Release|Any CPU
		{A00C0C4A-FD56-4B01-AA7C-359A47ED3CB3}.Release|x86.ActiveCfg = Release|Any CPU
		{A00C0C4A-FD56-4B01-AA7C-359A47ED3CB3}.Release|x86.Build.0 = Release|Any CPU
		{65C905D1-EE61-49D7-A488-70C30CD570CD}.Debug|Any CPU.ActiveCfg = Debug|Any CPU
		{65C905D1-EE61-49D7-A488-70C30CD570CD}.Debug|Any CPU.Build.0 = Debug|Any CPU
		{65C905D1-EE61-49D7-A488-70C30CD570CD}.Debug|x64.ActiveCfg = Debug|Any CPU
		{65C905D1-EE61-49D7-A488-70C30CD570CD}.Debug|x64.Build.0 = Debug|Any CPU
		{65C905D1-EE61-49D7-A488-70C30CD570CD}.Debug|x86.ActiveCfg = Debug|Any CPU
		{65C905D1-EE61-49D7-A488-70C30CD570CD}.Debug|x86.Build.0 = Debug|Any CPU
		{65C905D1-EE61-49D7-A488-70C30CD570CD}.Release|Any CPU.ActiveCfg = Release|Any CPU
		{65C905D1-EE61-49D7-A488-70C30CD570CD}.Release|Any CPU.Build.0 = Release|Any CPU
		{65C905D1-EE61-49D7-A488-70C30CD570CD}.Release|x64.ActiveCfg = Release|Any CPU
		{65C905D1-EE61-49D7-A488-70C30CD570CD}.Release|x64.Build.0 = Release|Any CPU
		{65C905D1-EE61-49D7-A488-70C30CD570CD}.Release|x86.ActiveCfg = Release|Any CPU
		{65C905D1-EE61-49D7-A488-70C30CD570CD}.Release|x86.Build.0 = Release|Any CPU
	EndGlobalSection
	GlobalSection(SolutionProperties) = preSolution
		HideSolutionNode = FALSE
	EndGlobalSection
	GlobalSection(ExtensibilityGlobals) = postSolution
		SolutionGuid = {A6082C98-328E-4199-8209-234E0831B87E}
	EndGlobalSection
EndGlobal
